
Microsoft Visual Studio Solution File, Format Version 12.00
# Visual Studio 15
Project("{FAE04EC0-301F-11D3-BF4B-00C04F79EFBC}") = "Assembly-CSharp", "Assembly-CSharp.csproj", "{BE2B8ED0-21E7-88C0-1EC8-0827F1FE14CE}"
EndProject
Global
	GlobalSection(SolutionConfigurationPlatforms) = preSolution
		Debug|Any CPU = Debug|Any CPU
		Release|Any CPU = Release|Any CPU
	EndGlobalSection
	GlobalSection(ProjectConfigurationPlatforms) = postSolution
		{BE2B8ED0-21E7-88C0-1EC8-0827F1FE14CE}.Debug|Any CPU.ActiveCfg = Debug|Any CPU
		{BE2B8ED0-21E7-88C0-1EC8-0827F1FE14CE}.Debug|Any CPU.Build.0 = Debug|Any CPU
		{BE2B8ED0-21E7-88C0-1EC8-0827F1FE14CE}.Release|Any CPU.ActiveCfg = Release|Any CPU
		{BE2B8ED0-21E7-88C0-1EC8-0827F1FE14CE}.Release|Any CPU.Build.0 = Release|Any CPU
	EndGlobalSection
	GlobalSection(SolutionProperties) = preSolution
		HideSolutionNode = FALSE
	EndGlobalSection
EndGlobal
